
Microsoft Visual Studio Solution File, Format Version 12.00
# Visual Studio 14
VisualStudioVersion = 14.0.23107.0
MinimumVisualStudioVersion = 10.0.40219.1
Project("{FAE04EC0-301F-11D3-BF4B-00C04F79EFBC}") = "GUID_creater_WinForm", "GUID_creater_WinForm\GUID_creater_WinForm.csproj", "{9F1CEF86-D86E-4A24-8476-8E225F4557FC}"
EndProject
Project("{54435603-DBB4-11D2-8724-00A0C9A8B90C}") = "安裝GUID產生器", "安裝GUID產生器\安裝GUID產生器.vdproj", "{29E4A457-9D11-42C2-9B6E-3E8C663CCCCC}"
EndProject
Global
	GlobalSection(SolutionConfigurationPlatforms) = preSolution
		Debug|Any CPU = Debug|Any CPU
		Release|Any CPU = Release|Any CPU
	EndGlobalSection
	GlobalSection(ProjectConfigurationPlatforms) = postSolution
		{9F1CEF86-D86E-4A24-8476-8E225F4557FC}.Debug|Any CPU.ActiveCfg = Debug|Any CPU
		{9F1CEF86-D86E-4A24-8476-8E225F4557FC}.Debug|Any CPU.Build.0 = Debug|Any CPU
		{9F1CEF86-D86E-4A24-8476-8E225F4557FC}.Release|Any CPU.ActiveCfg = Release|Any CPU
		{9F1CEF86-D86E-4A24-8476-8E225F4557FC}.Release|Any CPU.Build.0 = Release|Any CPU
		{29E4A457-9D11-42C2-9B6E-3E8C663CCCCC}.Debug|Any CPU.ActiveCfg = Debug
		{29E4A457-9D11-42C2-9B6E-3E8C663CCCCC}.Release|Any CPU.ActiveCfg = Release
	EndGlobalSection
	GlobalSection(SolutionProperties) = preSolution
		HideSolutionNode = FALSE
	EndGlobalSection
EndGlobal
